
Microsoft Visual Studio Solution File, Format Version 12.00
# Visual Studio Version 16
VisualStudioVersion = 16.0.29418.71
MinimumVisualStudioVersion = 10.0.40219.1
Project("{FAE04EC0-301F-11D3-BF4B-00C04F79EFBC}") = "AutoClicker", "AutoClicker\AutoClicker.csproj", "{552EE99E-1FB0-4354-B30D-C6AAEEEF2E3B}"
EndProject
Project("{FAE04EC0-301F-11D3-BF4B-00C04F79EFBC}") = "AutoClicker_broadcast2", "AutoClicker_broadcast2\AutoClicker_broadcast2.csproj", "{E7AA5D09-EBC8-4E92-922E-102B8365B6E4}"
EndProject
Global
	GlobalSection(SolutionConfigurationPlatforms) = preSolution
		Debug|Any CPU = Debug|Any CPU
		Release|Any CPU = Release|Any CPU
	EndGlobalSection
	GlobalSection(ProjectConfigurationPlatforms) = postSolution
		{552EE99E-1FB0-4354-B30D-C6AAEEEF2E3B}.Debug|Any CPU.ActiveCfg = Debug|Any CPU
		{552EE99E-1FB0-4354-B30D-C6AAEEEF2E3B}.Debug|Any CPU.Build.0 = Debug|Any CPU
		{552EE99E-1FB0-4354-B30D-C6AAEEEF2E3B}.Release|Any CPU.ActiveCfg = Release|Any CPU
		{552EE99E-1FB0-4354-B30D-C6AAEEEF2E3B}.Release|Any CPU.Build.0 = Release|Any CPU
		{E7AA5D09-EBC8-4E92-922E-102B8365B6E4}.Debug|Any CPU.ActiveCfg = Debug|Any CPU
		{E7AA5D09-EBC8-4E92-922E-102B8365B6E4}.Debug|Any CPU.Build.0 = Debug|Any CPU
		{E7AA5D09-EBC8-4E92-922E-102B8365B6E4}.Release|Any CPU.ActiveCfg = Release|Any CPU
		{E7AA5D09-EBC8-4E92-922E-102B8365B6E4}.Release|Any CPU.Build.0 = Release|Any CPU
	EndGlobalSection
	GlobalSection(SolutionProperties) = preSolution
		HideSolutionNode = FALSE
	EndGlobalSection
	GlobalSection(ExtensibilityGlobals) = postSolution
		SolutionGuid = {D293A528-435C-42A6-8CA4-54C56C85A997}
	EndGlobalSection
EndGlobal
